Microsoft Visual Studio Solution File, Format Version 12.00
# Visual Studio Version 17
VisualStudioVersion = 17.5.2.0
MinimumVisualStudioVersion = 10.0.40219.1
Project("{FAE04EC0-301F-11D3-BF4B-00C04F79EFBC}") = "FastFood", "FastFood.csproj", "{654A6ED1-E7D6-AD89-2CE2-148FEAC5BF5C}"
EndProject
Global
	GlobalSection(SolutionConfigurationPlatforms) = preSolution
		Debug|Any CPU = Debug|Any CPU
		Release|Any CPU = Release|Any CPU
	EndGlobalSection
	GlobalSection(ProjectConfigurationPlatforms) = postSolution
		{654A6ED1-E7D6-AD89-2CE2-148FEAC5BF5C}.Debug|Any CPU.ActiveCfg = Debug|Any CPU
		{654A6ED1-E7D6-AD89-2CE2-148FEAC5BF5C}.Debug|Any CPU.Build.0 = Debug|Any CPU
		{654A6ED1-E7D6-AD89-2CE2-148FEAC5BF5C}.Release|Any CPU.ActiveCfg = Release|Any CPU
		{654A6ED1-E7D6-AD89-2CE2-148FEAC5BF5C}.Release|Any CPU.Build.0 = Release|Any CPU
	EndGlobalSection
	GlobalSection(SolutionProperties) = preSolution
		HideSolutionNode = FALSE
	EndGlobalSection
	GlobalSection(ExtensibilityGlobals) = postSolution
		SolutionGuid = {2D9024A7-2232-4CCC-8723-021778942972}
	EndGlobalSection
EndGlobal
